
Microsoft Visual Studio Solution File, Format Version 12.00
# Visual Studio Version 17
VisualStudioVersion = 17.3.32901.215
MinimumVisualStudioVersion = 10.0.40219.1
Project("{FAE04EC0-301F-11D3-BF4B-00C04F79EFBC}") = "ITEC104_ACTIVITY6_DELAPEÑA", "ITEC104_ACTIVITY6_DELAPEÑA\ITEC104_ACTIVITY6_DELAPEÑA.csproj", "{131A43B9-22D1-4803-BB8C-3DE1E7FF8A87}"
EndProject
Global
	GlobalSection(SolutionConfigurationPlatforms) = preSolution
		Debug|Any CPU = Debug|Any CPU
		Release|Any CPU = Release|Any CPU
	EndGlobalSection
	GlobalSection(ProjectConfigurationPlatforms) = postSolution
		{131A43B9-22D1-4803-BB8C-3DE1E7FF8A87}.Debug|Any CPU.ActiveCfg = Debug|Any CPU
		{131A43B9-22D1-4803-BB8C-3DE1E7FF8A87}.Debug|Any CPU.Build.0 = Debug|Any CPU
		{131A43B9-22D1-4803-BB8C-3DE1E7FF8A87}.Release|Any CPU.ActiveCfg = Release|Any CPU
		{131A43B9-22D1-4803-BB8C-3DE1E7FF8A87}.Release|Any CPU.Build.0 = Release|Any CPU
	EndGlobalSection
	GlobalSection(SolutionProperties) = preSolution
		HideSolutionNode = FALSE
	EndGlobalSection
	GlobalSection(ExtensibilityGlobals) = postSolution
		SolutionGuid = {C53DB25D-2782-4008-8D6A-FE4E86583A7D}
	EndGlobalSection
EndGlobal
